# This file is automatically @generated by Cargo.
# It is not intended for manual editing.
version = 4

[[package]]
name = "arch"
version = "0.1.0"

[[package]]
name = "arch-x86_64"
version = "0.1.0"
dependencies = [
 "arch",
]

[[package]]
name = "flanterm_rust"
version = "0.1.0"

[[package]]
name = "kernel"
version = "0.1.0"
dependencies = [
 "arch",
 "arch-x86_64",
 "flanterm_rust",
 "klib",
 "limine",
]

[[package]]
name = "klib"
version = "0.1.0"

[[package]]
name = "limine"
version = "0.1.12"
source = "registry+https://github.com/rust-lang/crates.io-index"
checksum = "02034f8f6b3e7bf050f310fbaf6db0018b8e54b75598d0a4c97172054752fede"
