# This file is automatically @generated by Cargo.
# It is not intended for manual editing.
version = 4

[[package]]
name = "arch"
version = "0.1.0"
dependencies = [
 "klib",
 "spin",
]

[[package]]
name = "arch-x86_64"
version = "0.1.0"
dependencies = [
 "arch",
 "klib",
 "limine",
 "spin",
]

[[package]]
name = "buddy_system_allocator"
version = "0.9.1"
source = "registry+https://github.com/rust-lang/crates.io-index"
checksum = "d44d578cadd17312c75e7d0ef489361f160ace58f7139aa32001fee1a51b89b5"
dependencies = [
 "spin",
]

[[package]]
name = "drv"
version = "0.1.0"
dependencies = [
 "arch-x86_64",
 "klib",
 "spin",
]

[[package]]
name = "flanterm_rust"
version = "0.1.0"

[[package]]
name = "ipc"
version = "0.1.0"
dependencies = [
 "arch",
 "arch-x86_64",
 "klib",
 "mm",
 "spin",
]

[[package]]
name = "kernel"
version = "0.1.0"
dependencies = [
 "arch",
 "arch-x86_64",
 "drv",
 "flanterm_rust",
 "ipc",
 "klib",
 "limine",
 "loader",
 "mm",
 "spin",
 "task",
 "term",
 "vfs",
]

[[package]]
name = "klib"
version = "0.1.0"
dependencies = [
 "buddy_system_allocator",
]

[[package]]
name = "limine"
version = "0.1.12"
source = "registry+https://github.com/rust-lang/crates.io-index"
checksum = "02034f8f6b3e7bf050f310fbaf6db0018b8e54b75598d0a4c97172054752fede"
dependencies = [
 "limine-proc",
]

[[package]]
name = "limine-proc"
version = "0.1.0"
source = "registry+https://github.com/rust-lang/crates.io-index"
checksum = "1044abd8ac7bd1002d5c1e045314dd7d1c31896442f4b9270fd56aa234b0de81"
dependencies = [
 "quote",
 "syn",
]

[[package]]
name = "loader"
version = "0.1.0"
dependencies = [
 "arch",
 "arch-x86_64",
 "klib",
 "mm",
]

[[package]]
name = "lock_api"
version = "0.4.14"
source = "registry+https://github.com/rust-lang/crates.io-index"
checksum = "224399e74b87b5f3557511d98dff8b14089b3dadafcab6bb93eab67d3aace965"
dependencies = [
 "scopeguard",
]

[[package]]
name = "mm"
version = "0.1.0"
dependencies = [
 "arch",
 "klib",
 "limine",
 "spin",
]

[[package]]
name = "proc-macro2"
version = "1.0.107"
source = "registry+https://github.com/rust-lang/crates.io-index"
checksum = "985e7ec9bb745e6ce6535b544d84d6cd6f7ad8bd711c398938ae983b91a766d9"
dependencies = [
 "unicode-ident",
]

[[package]]
name = "quote"
version = "1.0.47"
source = "registry+https://github.com/rust-lang/crates.io-index"
checksum = "1fbf4db142a473a8d80c26bbf18454ed458bf8d26c8219c331daecfdbd079001"
dependencies = [
 "proc-macro2",
]

[[package]]
name = "scopeguard"
version = "1.2.0"
source = "registry+https://github.com/rust-lang/crates.io-index"
checksum = "94143f37725109f92c262ed2cf5e59bce7498c01bcc1502d7b9afe439a4e9f49"

[[package]]
name = "spin"
version = "0.9.9"
source = "registry+https://github.com/rust-lang/crates.io-index"
checksum = "3763264f6b73151db08c50ff20d7d8a0b8796e021cdea7ceedad07b80155fa0e"
dependencies = [
 "lock_api",
]

[[package]]
name = "syn"
version = "1.0.109"
source = "registry+https://github.com/rust-lang/crates.io-index"
checksum = "72b64191b275b66ffe2469e8af2c1cfe3bafa67b529ead792a6d0160888b4237"
dependencies = [
 "proc-macro2",
 "quote",
 "unicode-ident",
]

[[package]]
name = "task"
version = "0.1.0"
dependencies = [
 "arch",
 "arch-x86_64",
 "drv",
 "klib",
 "mm",
 "spin",
 "vfs",
]

[[package]]
name = "term"
version = "0.1.0"
dependencies = [
 "flanterm_rust",
 "klib",
 "limine",
 "spin",
]

[[package]]
name = "unicode-ident"
version = "1.0.24"
source = "registry+https://github.com/rust-lang/crates.io-index"
checksum = "e6e4313cd5fcd3dad5cafa179702e2b244f760991f45397d14d4ebf38247da75"

[[package]]
name = "vfs"
version = "0.1.0"
dependencies = [
 "klib",
 "spin",
]
